
Microsoft Visual Studio Solution File, Format Version 12.00
# Visual Studio 15
VisualStudioVersion = 15.0.28307.271
MinimumVisualStudioVersion = 10.0.40219.1
Project("{FAE04EC0-301F-11D3-BF4B-00C04F79EFBC}") = "ASP.NETMVCCRUD", "ASP.NETMVCCRUD\ASP.NETMVCCRUD.csproj", "{6C72EDEE-AC4D-471D-B86E-86913082045E}"
EndProject
Global
	GlobalSection(SolutionConfigurationPlatforms) = preSolution
		Debug|Any CPU = Debug|Any CPU
		Release|Any CPU = Release|Any CPU
	EndGlobalSection
	GlobalSection(ProjectConfigurationPlatforms) = postSolution
		{6C72EDEE-AC4D-471D-B86E-86913082045E}.Debug|Any CPU.ActiveCfg = Debug|Any CPU
		{6C72EDEE-AC4D-471D-B86E-86913082045E}.Debug|Any CPU.Build.0 = Debug|Any CPU
		{6C72EDEE-AC4D-471D-B86E-86913082045E}.Release|Any CPU.ActiveCfg = Release|Any CPU
		{6C72EDEE-AC4D-471D-B86E-86913082045E}.Release|Any CPU.Build.0 = Release|Any CPU
	EndGlobalSection
	GlobalSection(SolutionProperties) = preSolution
		HideSolutionNode = FALSE
	EndGlobalSection
	GlobalSection(ExtensibilityGlobals) = postSolution
		SolutionGuid = {3E76FE3B-7D50-4F0A-ACE1-A45CF724EEEF}
	EndGlobalSection
EndGlobal
